
Microsoft Visual Studio Solution File, Format Version 12.00
# Visual Studio 15
VisualStudioVersion = 15.0.26730.16
MinimumVisualStudioVersion = 10.0.40219.1
Project("{8BC9CEB8-8B4A-11D0-8D11-00A0C91BC942}") = "CastleV", "CastleV\CastleV.vcxproj", "{5873150D-CBC1-4745-9E92-09B2CB0E4A76}"
EndProject
Global
	GlobalSection(SolutionConfigurationPlatforms) = preSolution
		Debug|x64 = Debug|x64
		Debug|x86 = Debug|x86
		Release|x64 = Release|x64
		Release|x86 = Release|x86
	EndGlobalSection
	GlobalSection(ProjectConfigurationPlatforms) = postSolution
		{5873150D-CBC1-4745-9E92-09B2CB0E4A76}.Debug|x64.ActiveCfg = Debug|x64
		{5873150D-CBC1-4745-9E92-09B2CB0E4A76}.Debug|x64.Build.0 = Debug|x64
		{5873150D-CBC1-4745-9E92-09B2CB0E4A76}.Debug|x86.ActiveCfg = Debug|Win32
		{5873150D-CBC1-4745-9E92-09B2CB0E4A76}.Debug|x86.Build.0 = Debug|Win32
		{5873150D-CBC1-4745-9E92-09B2CB0E4A76}.Release|x64.ActiveCfg = Release|x64
		{5873150D-CBC1-4745-9E92-09B2CB0E4A76}.Release|x64.Build.0 = Release|x64
		{5873150D-CBC1-4745-9E92-09B2CB0E4A76}.Release|x86.ActiveCfg = Release|Win32
		{5873150D-CBC1-4745-9E92-09B2CB0E4A76}.Release|x86.Build.0 = Release|Win32
	EndGlobalSection
	GlobalSection(SolutionProperties) = preSolution
		HideSolutionNode = FALSE
	EndGlobalSection
	GlobalSection(ExtensibilityGlobals) = postSolution
		SolutionGuid = {00724006-E7ED-470B-A25F-5F699E323F79}
	EndGlobalSection
EndGlobal
